
Microsoft Visual Studio Solution File, Format Version 12.00
# Visual Studio Version 17
VisualStudioVersion = 17.11.35219.272
MinimumVisualStudioVersion = 10.0.40219.1
Project("{9A19103F-16F7-4668-BE54-9A1E7A4F7556}") = "dotnet8-hrapp-razor.client", "dotnet8-hrapp-razor.client.csproj", "{6241D151-8D43-4CE6-A5A8-5CD0937D1DD6}"
EndProject
Global
	GlobalSection(SolutionConfigurationPlatforms) = preSolution
		Debug|Any CPU = Debug|Any CPU
		Release|Any CPU = Release|Any CPU
	EndGlobalSection
	GlobalSection(ProjectConfigurationPlatforms) = postSolution
		{6241D151-8D43-4CE6-A5A8-5CD0937D1DD6}.Debug|Any CPU.ActiveCfg = Debug|Any CPU
		{6241D151-8D43-4CE6-A5A8-5CD0937D1DD6}.Debug|Any CPU.Build.0 = Debug|Any CPU
		{6241D151-8D43-4CE6-A5A8-5CD0937D1DD6}.Release|Any CPU.ActiveCfg = Release|Any CPU
		{6241D151-8D43-4CE6-A5A8-5CD0937D1DD6}.Release|Any CPU.Build.0 = Release|Any CPU
	EndGlobalSection
	GlobalSection(SolutionProperties) = preSolution
		HideSolutionNode = FALSE
	EndGlobalSection
	GlobalSection(ExtensibilityGlobals) = postSolution
		SolutionGuid = {0A052B25-5124-4F6E-997F-782D2A7BCDD5}
	EndGlobalSection
EndGlobal
