
Microsoft Visual Studio Solution File, Format Version 12.00
# Visual Studio Version 17
VisualStudioVersion = 17.11.35219.272
MinimumVisualStudioVersion = 10.0.40219.1
Project("{FAE04EC0-301F-11D3-BF4B-00C04F79EFBC}") = "dotnet8-practice-razor.client", "dotnet8-practice-razor.client.csproj", "{38F385A3-DB7E-4B54-A7C7-A4029A282FEC}"
EndProject
Global
	GlobalSection(SolutionConfigurationPlatforms) = preSolution
		Debug|Any CPU = Debug|Any CPU
		Release|Any CPU = Release|Any CPU
	EndGlobalSection
	GlobalSection(ProjectConfigurationPlatforms) = postSolution
		{38F385A3-DB7E-4B54-A7C7-A4029A282FEC}.Debug|Any CPU.ActiveCfg = Debug|Any CPU
		{38F385A3-DB7E-4B54-A7C7-A4029A282FEC}.Debug|Any CPU.Build.0 = Debug|Any CPU
		{38F385A3-DB7E-4B54-A7C7-A4029A282FEC}.Release|Any CPU.ActiveCfg = Release|Any CPU
		{38F385A3-DB7E-4B54-A7C7-A4029A282FEC}.Release|Any CPU.Build.0 = Release|Any CPU
	EndGlobalSection
	GlobalSection(SolutionProperties) = preSolution
		HideSolutionNode = FALSE
	EndGlobalSection
	GlobalSection(ExtensibilityGlobals) = postSolution
		SolutionGuid = {0A052B25-5124-4F6E-997F-782D2A7BCDD5}
	EndGlobalSection
EndGlobal
