
Microsoft Visual Studio Solution File, Format Version 12.00
# Visual Studio Version 17
VisualStudioVersion = 17.11.35219.272
MinimumVisualStudioVersion = 10.0.40219.1
Project("{9A19103F-16F7-4668-BE54-9A1E7A4F7556}") = "dotnet8-practice.server", "dotnet8-practice.server.csproj", "{CDFD5DF9-9584-4767-9863-2BF967625112}"
EndProject
Project("{9A19103F-16F7-4668-BE54-9A1E7A4F7556}") = "dotnet8-practice-razor.client", "..\dotnet8-practice-razor.client\dotnet8-practice-razor.client.csproj", "{32F1E22D-6923-48D8-B277-F4B3EA805ACE}"
EndProject
Project("{2150E333-8FDC-42A3-9474-1A3956D46DE8}") = "Services", "Services", "{5F02D85D-2C67-4431-B22C-A3F02667ADFC}"
EndProject
Project("{9A19103F-16F7-4668-BE54-9A1E7A4F7556}") = "Common.Service", "Services\Common.Service\Common.Service.csproj", "{80E9CA35-A881-4358-9745-B3BE1E552330}"
EndProject
Project("{9A19103F-16F7-4668-BE54-9A1E7A4F7556}") = "Department.Service", "Services\Department.Service\Department.Service.csproj", "{9A4F38B9-40B6-4106-8995-A73017B6735F}"
EndProject
Project("{9A19103F-16F7-4668-BE54-9A1E7A4F7556}") = "Employee.Service", "Services\Employee.Service\Employee.Service.csproj", "{A8F0E9EE-187D-4A54-B8B1-DA1143C2CE04}"
EndProject
Global
	GlobalSection(SolutionConfigurationPlatforms) = preSolution
		Debug|Any CPU = Debug|Any CPU
		Release|Any CPU = Release|Any CPU
	EndGlobalSection
	GlobalSection(ProjectConfigurationPlatforms) = postSolution
		{CDFD5DF9-9584-4767-9863-2BF967625112}.Debug|Any CPU.ActiveCfg = Debug|Any CPU
		{CDFD5DF9-9584-4767-9863-2BF967625112}.Debug|Any CPU.Build.0 = Debug|Any CPU
		{CDFD5DF9-9584-4767-9863-2BF967625112}.Release|Any CPU.ActiveCfg = Release|Any CPU
		{CDFD5DF9-9584-4767-9863-2BF967625112}.Release|Any CPU.Build.0 = Release|Any CPU
		{32F1E22D-6923-48D8-B277-F4B3EA805ACE}.Debug|Any CPU.ActiveCfg = Debug|Any CPU
		{32F1E22D-6923-48D8-B277-F4B3EA805ACE}.Debug|Any CPU.Build.0 = Debug|Any CPU
		{32F1E22D-6923-48D8-B277-F4B3EA805ACE}.Release|Any CPU.ActiveCfg = Release|Any CPU
		{32F1E22D-6923-48D8-B277-F4B3EA805ACE}.Release|Any CPU.Build.0 = Release|Any CPU
		{80E9CA35-A881-4358-9745-B3BE1E552330}.Debug|Any CPU.ActiveCfg = Debug|Any CPU
		{80E9CA35-A881-4358-9745-B3BE1E552330}.Debug|Any CPU.Build.0 = Debug|Any CPU
		{80E9CA35-A881-4358-9745-B3BE1E552330}.Release|Any CPU.ActiveCfg = Release|Any CPU
		{80E9CA35-A881-4358-9745-B3BE1E552330}.Release|Any CPU.Build.0 = Release|Any CPU
		{9A4F38B9-40B6-4106-8995-A73017B6735F}.Debug|Any CPU.ActiveCfg = Debug|Any CPU
		{9A4F38B9-40B6-4106-8995-A73017B6735F}.Debug|Any CPU.Build.0 = Debug|Any CPU
		{9A4F38B9-40B6-4106-8995-A73017B6735F}.Release|Any CPU.ActiveCfg = Release|Any CPU
		{9A4F38B9-40B6-4106-8995-A73017B6735F}.Release|Any CPU.Build.0 = Release|Any CPU
		{A8F0E9EE-187D-4A54-B8B1-DA1143C2CE04}.Debug|Any CPU.ActiveCfg = Debug|Any CPU
		{A8F0E9EE-187D-4A54-B8B1-DA1143C2CE04}.Debug|Any CPU.Build.0 = Debug|Any CPU
		{A8F0E9EE-187D-4A54-B8B1-DA1143C2CE04}.Release|Any CPU.ActiveCfg = Release|Any CPU
		{A8F0E9EE-187D-4A54-B8B1-DA1143C2CE04}.Release|Any CPU.Build.0 = Release|Any CPU
	EndGlobalSection
	GlobalSection(SolutionProperties) = preSolution
		HideSolutionNode = FALSE
	EndGlobalSection
	GlobalSection(NestedProjects) = preSolution
		{80E9CA35-A881-4358-9745-B3BE1E552330} = {5F02D85D-2C67-4431-B22C-A3F02667ADFC}
		{9A4F38B9-40B6-4106-8995-A73017B6735F} = {5F02D85D-2C67-4431-B22C-A3F02667ADFC}
		{A8F0E9EE-187D-4A54-B8B1-DA1143C2CE04} = {5F02D85D-2C67-4431-B22C-A3F02667ADFC}
	EndGlobalSection
	GlobalSection(ExtensibilityGlobals) = postSolution
		SolutionGuid = {429D3846-2BD0-4CC4-AB7F-C7114EC6F004}
	EndGlobalSection
EndGlobal
